// !$*UTF8*$!
{
	archiveVersion = 1;
	classes = {
	};
	objectVersion = 46;
	objects = {

/* Begin PBXBuildFile section */
		1CC0B4E61A8AE1140035D210 /* AppDelegate.swift in Sources */ = {isa = PBXBuildFile; fileRef = 1CC0B4E51A8AE1140035D210 /* AppDelegate.swift */; };
		1CC0B4E81A8AE1140035D210 /* ViewController.swift in Sources */ = {isa = PBXBuildFile; fileRef = 1CC0B4E71A8AE1140035D210 /* ViewController.swift */; };
		1CC0B4EB1A8AE1140035D210 /* Main.storyboard in Resources */ = {isa = PBXBuildFile; fileRef = 1CC0B4E91A8AE1140035D210 /* Main.storyboard */; };
		1CC0B4ED1A8AE1140035D210 /* Images.xcassets in Resources */ = {isa = PBXBuildFile; fileRef = 1CC0B4EC1A8AE1140035D210 /* Images.xcassets */; };
		1CC0B4F01A8AE1140035D210 /* LaunchScreen.xib in Resources */ = {isa = PBXBuildFile; fileRef = 1CC0B4EE1A8AE1140035D210 /* LaunchScreen.xib */; };
		1CC0B4FC1A8AE1140035D210 /* ShoeConverterTests.swift in Sources */ = {isa = PBXBuildFile; fileRef = 1CC0B4FB1A8AE1140035D210 /* ShoeConverterTests.swift */; };
/* End PBXBuildFile section */

/* Begin PBXContainerItemProxy section */
		1CC0B4F61A8AE1140035D210 /* PBXContainerItemProxy */ = {
			isa = PBXContainerItemProxy;
			containerPortal = 1CC0B4D81A8AE1140035D210 /* Project object */;
			proxyType = 1;
			remoteGlobalIDString = 1CC0B4DF1A8AE1140035D210;
			remoteInfo = ShoeConverter;
		};
/* End PBXContainerItemProxy section */

/* Begin PBXFileReference section */
		1CC0B4E01A8AE1140035D210 /* ShoeConverter.app */ = {isa = PBXFileReference; explicitFileType = wrapper.application; includeInIndex = 0; path = ShoeConverter.app; sourceTree = BUILT_PRODUCTS_DIR; };
		1CC0B4E41A8AE1140035D210 /* Info.plist */ = {isa = PBXFileReference; lastKnownFileType = text.plist.xml; path = Info.plist; sourceTree = "<group>"; };
		1CC0B4E51A8AE1140035D210 /* AppDelegate.swift */ = {isa = PBXFileReference; lastKnownFileType = sourcecode.swift; path = AppDelegate.swift; sourceTree = "<group>"; };
		1CC0B4E71A8AE1140035D210 /* ViewController.swift */ = {isa = PBXFileReference; lastKnownFileType = sourcecode.swift; path = ViewController.swift; sourceTree = "<group>"; };
		1CC0B4EA1A8AE1140035D210 /* Base */ = {isa = PBXFileReference; lastKnownFileType = file.storyboard; name = Base; path = Base.lproj/Main.storyboard; sourceTree = "<group>"; };
		1CC0B4EC1A8AE1140035D210 /* Images.xcassets */ = {isa = PBXFileReference; lastKnownFileType = folder.assetcatalog; path = Images.xcassets; sourceTree = "<group>"; };
		1CC0B4EF1A8AE1140035D210 /* Base */ = {isa = PBXFileReference; lastKnownFileType = file.xib; name = Base; path = Base.lproj/LaunchScreen.xib; sourceTree = "<group>"; };
		1CC0B4F51A8AE1140035D210 /* ShoeConverterTests.xctest */ = {isa = PBXFileReference; explicitFileType = wrapper.cfbundle; includeInIndex = 0; path = ShoeConverterTests.xctest; sourceTree = BUILT_PRODUCTS_DIR; };
		1CC0B4FA1A8AE1140035D210 /* Info.plist */ = {isa = PBXFileReference; lastKnownFileType = text.plist.xml; path = Info.plist; sourceTree = "<group>"; };
		1CC0B4FB1A8AE1140035D210 /* ShoeConverterTests.swift */ = {isa = PBXFileReference; lastKnownFileType = sourcecode.swift; path = ShoeConverterTests.swift; sourceTree = "<group>"; };
/* End PBXFileReference section */

/* Begin PBXFrameworksBuildPhase section */
		1CC0B4DD1A8AE1140035D210 /* Frameworks */ = {
			isa = PBXFrameworksBuildPhase;
			buildActionMask = 2147483647;
			files = (
			);
			runOnlyForDeploymentPostprocessing = 0;
		};
		1CC0B4F21A8AE1140035D210 /* Frameworks */ = {
			isa = PBXFrameworksBuildPhase;
			buildActionMask = 2147483647;
			files = (
			);
			runOnlyForDeploymentPostprocessing = 0;
		};
/* End PBXFrameworksBuildPhase section */

/* Begin PBXGroup section */
		1CC0B4D71A8AE1140035D210 = {
			isa = PBXGroup;
			children = (
				1CC0B4E21A8AE1140035D210 /* ShoeConverter */,
				1CC0B4F81A8AE1140035D210 /* ShoeConverterTests */,
				1CC0B4E11A8AE1140035D210 /* Products */,
			);
			sourceTree = "<group>";
		};
		1CC0B4E11A8AE1140035D210 /* Products */ = {
			isa = PBXGroup;
			children = (
				1CC0B4E01A8AE1140035D210 /* ShoeConverter.app */,
				1CC0B4F51A8AE1140035D210 /* ShoeConverterTests.xctest */,
			);
			name = Products;
			sourceTree = "<group>";
		};
		1CC0B4E21A8AE1140035D210 /* ShoeConverter */ = {
			isa = PBXGroup;
			children = (
				1CC0B4E51A8AE1140035D210 /* AppDelegate.swift */,
				1CC0B4E71A8AE1140035D210 /* ViewController.swift */,
				1CC0B4E91A8AE1140035D210 /* Main.storyboard */,
				1CC0B4EC1A8AE1140035D210 /* Images.xcassets */,
				1CC0B4EE1A8AE1140035D210 /* LaunchScreen.xib */,
				1CC0B4E31A8AE1140035D210 /* Supporting Files */,
			);
			path = ShoeConverter;
			sourceTree = "<group>";
		};
		1CC0B4E31A8AE1140035D210 /* Supporting Files */ = {
			isa = PBXGroup;
			children = (
				1CC0B4E41A8AE1140035D210 /* Info.plist */,
			);
			name = "Supporting Files";
			sourceTree = "<group>";
		};
		1CC0B4F81A8AE1140035D210 /* ShoeConverterTests */ = {
			isa = PBXGroup;
			children = (
				1CC0B4FB1A8AE1140035D210 /* ShoeConverterTests.swift */,
				1CC0B4F91A8AE1140035D210 /* Supporting Files */,
			);
			path = ShoeConverterTests;
			sourceTree = "<group>";
		};
		1CC0B4F91A8AE1140035D210 /* Supporting Files */ = {
			isa = PBXGroup;
			children = (
				1CC0B4FA1A8AE1140035D210 /* Info.plist */,
			);
			name = "Supporting Files";
			sourceTree = "<group>";
		};
/* End PBXGroup section */

/* Begin PBXNativeTarget section */
		1CC0B4DF1A8AE1140035D210 /* ShoeConverter */ = {
			isa = PBXNativeTarget;
			buildConfigurationList = 1CC0B4FF1A8AE1140035D210 /* Build configuration list for PBXNativeTarget "ShoeConverter" */;
			buildPhases = (
				1CC0B4DC1A8AE1140035D210 /* Sources */,
				1CC0B4DD1A8AE1140035D210 /* Frameworks */,
				1CC0B4DE1A8AE1140035D210 /* Resources */,
			);
			buildRules = (
			);
			dependencies = (
			);
			name = ShoeConverter;
			productName = ShoeConverter;
			productReference = 1CC0B4E01A8AE1140035D210 /* ShoeConverter.app */;
			productType = "com.apple.product-type.application";
		};
		1CC0B4F41A8AE1140035D210 /* ShoeConverterTests */ = {
			isa = PBXNativeTarget;
			buildConfigurationList = 1CC0B5021A8AE1140035D210 /* Build configuration list for PBXNativeTarget "ShoeConverterTests" */;
			buildPhases = (
				1CC0B4F11A8AE1140035D210 /* Sources */,
				1CC0B4F21A8AE1140035D210 /* Frameworks */,
				1CC0B4F31A8AE1140035D210 /* Resources */,
			);
			buildRules = (
			);
			dependencies = (
				1CC0B4F71A8AE1140035D210 /* PBXTargetDependency */,
			);
			name = ShoeConverterTests;
			productName = ShoeConverterTests;
			productReference = 1CC0B4F51A8AE1140035D210 /* ShoeConverterTests.xctest */;
			productType = "com.apple.product-type.bundle.unit-test";
		};
/* End PBXNativeTarget section */

/* Begin PBXProject section */
		1CC0B4D81A8AE1140035D210 /* Project object */ = {
			isa = PBXProject;
			attributes = {
				LastUpgradeCheck = 0610;
				ORGANIZATIONNAME = "Nick Markworth";
				TargetAttributes = {
					1CC0B4DF1A8AE1140035D210 = {
						CreatedOnToolsVersion = 6.1.1;
					};
					1CC0B4F41A8AE1140035D210 = {
						CreatedOnToolsVersion = 6.1.1;
						TestTargetID = 1CC0B4DF1A8AE1140035D210;
					};
				};
			};
			buildConfigurationList = 1CC0B4DB1A8AE1140035D210 /* Build configuration list for PBXProject "ShoeConverter" */;
			compatibilityVersion = "Xcode 3.2";
			developmentRegion = English;
			hasScannedForEncodings = 0;
			knownRegions = (
				en,
				Base,
			);
			mainGroup = 1CC0B4D71A8AE1140035D210;
			productRefGroup = 1CC0B4E11A8AE1140035D210 /* Products */;
			projectDirPath = "";
			projectRoot = "";
			targets = (
				1CC0B4DF1A8AE1140035D210 /* ShoeConverter */,
				1CC0B4F41A8AE1140035D210 /* ShoeConverterTests */,
			);
		};
/* End PBXProject section */

/* Begin PBXResourcesBuildPhase section */
		1CC0B4DE1A8AE1140035D210 /* Resources */ = {
			isa = PBXResourcesBuildPhase;
			buildActionMask = 2147483647;
			files = (
				1CC0B4EB1A8AE1140035D210 /* Main.storyboard in Resources */,
				1CC0B4F01A8AE1140035D210 /* LaunchScreen.xib in Resources */,
				1CC0B4ED1A8AE1140035D210 /* Images.xcassets in Resources */,
			);
			runOnlyForDeploymentPostprocessing = 0;
		};
		1CC0B4F31A8AE1140035D210 /* Resources */ = {
			isa = PBXResourcesBuildPhase;
			buildActionMask = 2147483647;
			files = (
			);
			runOnlyForDeploymentPostprocessing = 0;
		};
/* End PBXResourcesBuildPhase section */

/* Begin PBXSourcesBuildPhase section */
		1CC0B4DC1A8AE1140035D210 /* Sources */ = {
			isa = PBXSourcesBuildPhase;
			buildActionMask = 2147483647;
			files = (
				1CC0B4E81A8AE1140035D210 /* ViewController.swift in Sources */,
				1CC0B4E61A8AE1140035D210 /* AppDelegate.swift in Sources */,
			);
			runOnlyForDeploymentPostprocessing = 0;
		};
		1CC0B4F11A8AE1140035D210 /* Sources */ = {
			isa = PBXSourcesBuildPhase;
			buildActionMask = 2147483647;
			files = (
				1CC0B4FC1A8AE1140035D210 /* ShoeConverterTests.swift in Sources */,
			);
			runOnlyForDeploymentPostprocessing = 0;
		};
/* End PBXSourcesBuildPhase section */

/* Begin PBXTargetDependency section */
		1CC0B4F71A8AE1140035D210 /* PBXTargetDependency */ = {
			isa = PBXTargetDependency;
			target = 1CC0B4DF1A8AE1140035D210 /* ShoeConverter */;
			targetProxy = 1CC0B4F61A8AE1140035D210 /* PBXContainerItemProxy */;
		};
/* End PBXTargetDependency section */

/* Begin PBXVariantGroup section */
		1CC0B4E91A8AE1140035D210 /* Main.storyboard */ = {
			isa = PBXVariantGroup;
			children = (
				1CC0B4EA1A8AE1140035D210 /* Base */,
			);
			name = Main.storyboard;
			sourceTree = "<group>";
		};
		1CC0B4EE1A8AE1140035D210 /* LaunchScreen.xib */ = {
			isa = PBXVariantGroup;
			children = (
				1CC0B4EF1A8AE1140035D210 /* Base */,
			);
			name = LaunchScreen.xib;
			sourceTree = "<group>";
		};
/* End PBXVariantGroup section */

/* Begin XCBuildConfiguration section */
		1CC0B4FD1A8AE1140035D210 /* Debug */ = {
			isa = XCBuildConfiguration;
			buildSettings = {
				ALWAYS_SEARCH_USER_PATHS = NO;
				CLANG_CXX_LANGUAGE_STANDARD = "gnu++0x";
				CLANG_CXX_LIBRARY = "libc++";
				CLANG_ENABLE_MODULES = YES;
				CLANG_ENABLE_OBJC_ARC = YES;
				CLANG_WARN_BOOL_CONVERSION = YES;
				CLANG_WARN_CONSTANT_CONVERSION = YES;
				CLANG_WARN_DIRECT_OBJC_ISA_USAGE = YES_ERROR;
				CLANG_WARN_EMPTY_BODY = YES;
				CLANG_WARN_ENUM_CONVERSION = YES;
				CLANG_WARN_INT_CONVERSION = YES;
				CLANG_WARN_OBJC_ROOT_CLASS = YES_ERROR;
				CLANG_WARN_UNREACHABLE_CODE = YES;
				CLANG_WARN__DUPLICATE_METHOD_MATCH = YES;
				"CODE_SIGN_IDENTITY[sdk=iphoneos*]" = "iPhone Developer";
				COPY_PHASE_STRIP = NO;
				ENABLE_STRICT_OBJC_MSGSEND = YES;
				GCC_C_LANGUAGE_STANDARD = gnu99;
				GCC_DYNAMIC_NO_PIC = NO;
				GCC_OPTIMIZATION_LEVEL = 0;
				GCC_PREPROCESSOR_DEFINITIONS = (
					"DEBUG=1",
					"$(inherited)",
				);
				GCC_SYMBOLS_PRIVATE_EXTERN = NO;
				GCC_WARN_64_TO_32_BIT_CONVERSION = YES;
				GCC_WARN_ABOUT_RETURN_TYPE = YES_ERROR;
				GCC_WARN_UNDECLARED_SELECTOR = YES;
				GCC_WARN_UNINITIALIZED_AUTOS = YES_AGGRESSIVE;
				GCC_WARN_UNUSED_FUNCTION = YES;
				GCC_WARN_UNUSED_VARIABLE = YES;
				IPHONEOS_DEPLOYMENT_TARGET = 8.1;
				MTL_ENABLE_DEBUG_INFO = YES;
				ONLY_ACTIVE_ARCH = YES;
				SDKROOT = iphoneos;
				SWIFT_OPTIMIZATION_LEVEL = "-Onone";
				TARGETED_DEVICE_FAMILY = "1,2";
			};
			name = Debug;
		};
		1CC0B4FE1A8AE1140035D210 /* Release */ = {
			isa = XCBuildConfiguration;
			buildSettings = {
				ALWAYS_SEARCH_USER_PATHS = NO;
				CLANG_CXX_LANGUAGE_STANDARD = "gnu++0x";
				CLANG_CXX_LIBRARY = "libc++";
				CLANG_ENABLE_MODULES = YES;
				CLANG_ENABLE_OBJC_ARC = YES;
				CLANG_WARN_BOOL_CONVERSION = YES;
				CLANG_WARN_CONSTANT_CONVERSION = YES;
				CLANG_WARN_DIRECT_OBJC_ISA_USAGE = YES_ERROR;
				CLANG_WARN_EMPTY_BODY = YES;
				CLANG_WARN_ENUM_CONVERSION = YES;
				CLANG_WARN_INT_CONVERSION = YES;
				CLANG_WARN_OBJC_ROOT_CLASS = YES_ERROR;
				CLANG_WARN_UNREACHABLE_CODE = YES;
				CLANG_WARN__DUPLICATE_METHOD_MATCH = YES;
				"CODE_SIGN_IDENTITY[sdk=iphoneos*]" = "iPhone Developer";
				COPY_PHASE_STRIP = YES;
				ENABLE_NS_ASSERTIONS = NO;
				ENABLE_STRICT_OBJC_MSGSEND = YES;
				GCC_C_LANGUAGE_STANDARD = gnu99;
				GCC_WARN_64_TO_32_BIT_CONVERSION = YES;
				GCC_WARN_ABOUT_RETURN_TYPE = YES_ERROR;
				GCC_WARN_UNDECLARED_SELECTOR = YES;
				GCC_WARN_UNINITIALIZED_AUTOS = YES_AGGRESSIVE;
				GCC_WARN_UNUSED_FUNCTION = YES;
				GCC_WARN_UNUSED_VARIABLE = YES;
				IPHONEOS_DEPLOYMENT_TARGET = 8.1;
				MTL_ENABLE_DEBUG_INFO = NO;
				SDKROOT = iphoneos;
				TARGETED_DEVICE_FAMILY = "1,2";
				VALIDATE_PRODUCT = YES;
			};
			name = Release;
		};
		1CC0B5001A8AE1140035D210 /* Debug */ = {
			isa = XCBuildConfiguration;
			buildSettings = {
				ASSETCATALOG_COMPILER_APPICON_NAME = AppIcon;
				INFOPLIST_FILE = ShoeConverter/Info.plist;
				LD_RUNPATH_SEARCH_PATHS = "$(inherited) @executable_path/Frameworks";
				PRODUCT_NAME = "$(TARGET_NAME)";
			};
			name = Debug;
		};
		1CC0B5011A8AE1140035D210 /* Release */ = {
			isa = XCBuildConfiguration;
			buildSettings = {
				ASSETCATALOG_COMPILER_APPICON_NAME = AppIcon;
				INFOPLIST_FILE = ShoeConverter/Info.plist;
				LD_RUNPATH_SEARCH_PATHS = "$(inherited) @executable_path/Frameworks";
				PRODUCT_NAME = "$(TARGET_NAME)";
			};
			name = Release;
		};
		1CC0B5031A8AE1140035D210 /* Debug */ = {
			isa = XCBuildConfiguration;
			buildSettings = {
				BUNDLE_LOADER = "$(TEST_HOST)";
				FRAMEWORK_SEARCH_PATHS = (
					"$(SDKROOT)/Developer/Library/Frameworks",
					"$(inherited)",
				);
				GCC_PREPROCESSOR_DEFINITIONS = (
					"DEBUG=1",
					"$(inherited)",
				);
				INFOPLIST_FILE = ShoeConverterTests/Info.plist;
				LD_RUNPATH_SEARCH_PATHS = "$(inherited) @executable_path/Frameworks @loader_path/Frameworks";
				PRODUCT_NAME = "$(TARGET_NAME)";
				TEST_HOST = "$(BUILT_PRODUCTS_DIR)/ShoeConverter.app/ShoeConverter";
			};
			name = Debug;
		};
		1CC0B5041A8AE1140035D210 /* Release */ = {
			isa = XCBuildConfiguration;
			buildSettings = {
				BUNDLE_LOADER = "$(TEST_HOST)";
				FRAMEWORK_SEARCH_PATHS = (
					"$(SDKROOT)/Developer/Library/Frameworks",
					"$(inherited)",
				);
				INFOPLIST_FILE = ShoeConverterTests/Info.plist;
				LD_RUNPATH_SEARCH_PATHS = "$(inherited) @executable_path/Frameworks @loader_path/Frameworks";
				PRODUCT_NAME = "$(TARGET_NAME)";
				TEST_HOST = "$(BUILT_PRODUCTS_DIR)/ShoeConverter.app/ShoeConverter";
			};
			name = Release;
		};
/* End XCBuildConfiguration section */

/* Begin XCConfigurationList section */
		1CC0B4DB1A8AE1140035D210 /* Build configuration list for PBXProject "ShoeConverter" */ = {
			isa = XCConfigurationList;
			buildConfigurations = (
				1CC0B4FD1A8AE1140035D210 /* Debug */,
				1CC0B4FE1A8AE1140035D210 /* Release */,
			);
			defaultConfigurationIsVisible = 0;
			defaultConfigurationName = Release;
		};
		1CC0B4FF1A8AE1140035D210 /* Build configuration list for PBXNativeTarget "ShoeConverter" */ = {
			isa = XCConfigurationList;
			buildConfigurations = (
				1CC0B5001A8AE1140035D210 /* Debug */,
				1CC0B5011A8AE1140035D210 /* Release */,
			);
			defaultConfigurationIsVisible = 0;
		};
		1CC0B5021A8AE1140035D210 /* Build configuration list for PBXNativeTarget "ShoeConverterTests" */ = {
			isa = XCConfigurationList;
			buildConfigurations = (
				1CC0B5031A8AE1140035D210 /* Debug */,
				1CC0B5041A8AE1140035D210 /* Release */,
			);
			defaultConfigurationIsVisible = 0;
		};
/* End XCConfigurationList section */
	};
	rootObject = 1CC0B4D81A8AE1140035D210 /* Project object */;
}
